
Microsoft Visual Studio Solution File, Format Version 12.00
# Visual Studio Version 17
VisualStudioVersion = 17.4.33213.308
MinimumVisualStudioVersion = 10.0.40219.1
Project("{FAE04EC0-301F-11D3-BF4B-00C04F79EFBC}") = "LessonsCSharp", "LessonsCSharp\LessonsCSharp.csproj", "{D2E6A535-272F-40FE-A7E6-16A6CFB77658}"
EndProject
Project("{FAE04EC0-301F-11D3-BF4B-00C04F79EFBC}") = "Lesson1_IfElseConstruction", "Lesson1_IfElseConstruction\Lesson1_IfElseConstruction.csproj", "{C58E2403-A949-4C89-BB6B-6F5DD0F3AD1C}"
EndProject
Project("{FAE04EC0-301F-11D3-BF4B-00C04F79EFBC}") = "Lesson2_LogicalOperators", "Lesson2_LogicalOperators\Lesson2_LogicalOperators.csproj", "{17A3756E-C45C-40CB-A39B-2EBD5FA2B6F4}"
EndProject
Project("{FAE04EC0-301F-11D3-BF4B-00C04F79EFBC}") = "Lesson3_SwitchOperator", "Lesson3_SwitchOperator\Lesson3_SwitchOperator.csproj", "{1099A814-0E41-44AF-941C-A7296E87F049}"
EndProject
Project("{FAE04EC0-301F-11D3-BF4B-00C04F79EFBC}") = "Lesson4_WhileLesson", "Lesson4_WhileLesson\Lesson4_WhileLesson.csproj", "{D29AA4D8-BD88-4848-A90B-F520C0AE76A0}"
EndProject
Project("{FAE04EC0-301F-11D3-BF4B-00C04F79EFBC}") = "Lesson5_For", "Lesson5_For\Lesson5_For.csproj", "{3C613390-8BCF-4C53-9C76-209A4D40DCFC}"
EndProject
Project("{FAE04EC0-301F-11D3-BF4B-00C04F79EFBC}") = "Lesson6_NestedLoops", "Lesson6_NestedLoops\Lesson6_NestedLoops.csproj", "{8D3BF344-0461-4FFD-A233-64B2CA4D0031}"
EndProject
Project("{FAE04EC0-301F-11D3-BF4B-00C04F79EFBC}") = "Lesson7_TernaryOperator", "Lesson7_TernaryOperator\Lesson7_TernaryOperator.csproj", "{761BBD0F-5B9C-40E1-B58D-26DDB94AA4EA}"
EndProject
Project("{FAE04EC0-301F-11D3-BF4B-00C04F79EFBC}") = "Lesson8_Arrays", "Lesson8_Arrays\Lesson8_Arrays.csproj", "{A05B7A07-5CFC-4527-8982-EA979132C14C}"
EndProject
Project("{FAE04EC0-301F-11D3-BF4B-00C04F79EFBC}") = "Lesson9_MultidimensionalArrays", "Lesson9_MultidimensionalArrays\Lesson9_MultidimensionalArrays.csproj", "{0FFC45F7-B5D0-45CC-BF23-AFA5DDA8E7AE}"
EndProject
Project("{FAE04EC0-301F-11D3-BF4B-00C04F79EFBC}") = "Lesson10_FunctionsAndMethods", "Lesson10_FunctionsAndMethods\Lesson10_FunctionsAndMethods.csproj", "{A1C467D4-91F7-48F1-9994-4BD8E1D3FFFE}"
EndProject
Project("{FAE04EC0-301F-11D3-BF4B-00C04F79EFBC}") = "Lesson11_Null", "Lesson11_Null\Lesson11_Null.csproj", "{B0737D45-2278-4CDC-906A-3D26233F5451}"
EndProject
Global
	GlobalSection(SolutionConfigurationPlatforms) = preSolution
		Debug|Any CPU = Debug|Any CPU
		Release|Any CPU = Release|Any CPU
	EndGlobalSection
	GlobalSection(ProjectConfigurationPlatforms) = postSolution
		{D2E6A535-272F-40FE-A7E6-16A6CFB77658}.Debug|Any CPU.ActiveCfg = Debug|Any CPU
		{D2E6A535-272F-40FE-A7E6-16A6CFB77658}.Debug|Any CPU.Build.0 = Debug|Any CPU
		{D2E6A535-272F-40FE-A7E6-16A6CFB77658}.Release|Any CPU.ActiveCfg = Release|Any CPU
		{D2E6A535-272F-40FE-A7E6-16A6CFB77658}.Release|Any CPU.Build.0 = Release|Any CPU
		{C58E2403-A949-4C89-BB6B-6F5DD0F3AD1C}.Debug|Any CPU.ActiveCfg = Debug|Any CPU
		{C58E2403-A949-4C89-BB6B-6F5DD0F3AD1C}.Debug|Any CPU.Build.0 = Debug|Any CPU
		{C58E2403-A949-4C89-BB6B-6F5DD0F3AD1C}.Release|Any CPU.ActiveCfg = Release|Any CPU
		{C58E2403-A949-4C89-BB6B-6F5DD0F3AD1C}.Release|Any CPU.Build.0 = Release|Any CPU
		{17A3756E-C45C-40CB-A39B-2EBD5FA2B6F4}.Debug|Any CPU.ActiveCfg = Debug|Any CPU
		{17A3756E-C45C-40CB-A39B-2EBD5FA2B6F4}.Debug|Any CPU.Build.0 = Debug|Any CPU
		{17A3756E-C45C-40CB-A39B-2EBD5FA2B6F4}.Release|Any CPU.ActiveCfg = Release|Any CPU
		{17A3756E-C45C-40CB-A39B-2EBD5FA2B6F4}.Release|Any CPU.Build.0 = Release|Any CPU
		{1099A814-0E41-44AF-941C-A7296E87F049}.Debug|Any CPU.ActiveCfg = Debug|Any CPU
		{1099A814-0E41-44AF-941C-A7296E87F049}.Debug|Any CPU.Build.0 = Debug|Any CPU
		{1099A814-0E41-44AF-941C-A7296E87F049}.Release|Any CPU.ActiveCfg = Release|Any CPU
		{1099A814-0E41-44AF-941C-A7296E87F049}.Release|Any CPU.Build.0 = Release|Any CPU
		{D29AA4D8-BD88-4848-A90B-F520C0AE76A0}.Debug|Any CPU.ActiveCfg = Debug|Any CPU
		{D29AA4D8-BD88-4848-A90B-F520C0AE76A0}.Debug|Any CPU.Build.0 = Debug|Any CPU
		{D29AA4D8-BD88-4848-A90B-F520C0AE76A0}.Release|Any CPU.ActiveCfg = Release|Any CPU
		{D29AA4D8-BD88-4848-A90B-F520C0AE76A0}.Release|Any CPU.Build.0 = Release|Any CPU
		{3C613390-8BCF-4C53-9C76-209A4D40DCFC}.Debug|Any CPU.ActiveCfg = Debug|Any CPU
		{3C613390-8BCF-4C53-9C76-209A4D40DCFC}.Debug|Any CPU.Build.0 = Debug|Any CPU
		{3C613390-8BCF-4C53-9C76-209A4D40DCFC}.Release|Any CPU.ActiveCfg = Release|Any CPU
		{3C613390-8BCF-4C53-9C76-209A4D40DCFC}.Release|Any CPU.Build.0 = Release|Any CPU
		{8D3BF344-0461-4FFD-A233-64B2CA4D0031}.Debug|Any CPU.ActiveCfg = Debug|Any CPU
		{8D3BF344-0461-4FFD-A233-64B2CA4D0031}.Debug|Any CPU.Build.0 = Debug|Any CPU
		{8D3BF344-0461-4FFD-A233-64B2CA4D0031}.Release|Any CPU.ActiveCfg = Release|Any CPU
		{8D3BF344-0461-4FFD-A233-64B2CA4D0031}.Release|Any CPU.Build.0 = Release|Any CPU
		{761BBD0F-5B9C-40E1-B58D-26DDB94AA4EA}.Debug|Any CPU.ActiveCfg = Debug|Any CPU
		{761BBD0F-5B9C-40E1-B58D-26DDB94AA4EA}.Debug|Any CPU.Build.0 = Debug|Any CPU
		{761BBD0F-5B9C-40E1-B58D-26DDB94AA4EA}.Release|Any CPU.ActiveCfg = Release|Any CPU
		{761BBD0F-5B9C-40E1-B58D-26DDB94AA4EA}.Release|Any CPU.Build.0 = Release|Any CPU
		{A05B7A07-5CFC-4527-8982-EA979132C14C}.Debug|Any CPU.ActiveCfg = Debug|Any CPU
		{A05B7A07-5CFC-4527-8982-EA979132C14C}.Debug|Any CPU.Build.0 = Debug|Any CPU
		{A05B7A07-5CFC-4527-8982-EA979132C14C}.Release|Any CPU.ActiveCfg = Release|Any CPU
		{A05B7A07-5CFC-4527-8982-EA979132C14C}.Release|Any CPU.Build.0 = Release|Any CPU
		{0FFC45F7-B5D0-45CC-BF23-AFA5DDA8E7AE}.Debug|Any CPU.ActiveCfg = Debug|Any CPU
		{0FFC45F7-B5D0-45CC-BF23-AFA5DDA8E7AE}.Debug|Any CPU.Build.0 = Debug|Any CPU
		{0FFC45F7-B5D0-45CC-BF23-AFA5DDA8E7AE}.Release|Any CPU.ActiveCfg = Release|Any CPU
		{0FFC45F7-B5D0-45CC-BF23-AFA5DDA8E7AE}.Release|Any CPU.Build.0 = Release|Any CPU
		{A1C467D4-91F7-48F1-9994-4BD8E1D3FFFE}.Debug|Any CPU.ActiveCfg = Debug|Any CPU
		{A1C467D4-91F7-48F1-9994-4BD8E1D3FFFE}.Debug|Any CPU.Build.0 = Debug|Any CPU
		{A1C467D4-91F7-48F1-9994-4BD8E1D3FFFE}.Release|Any CPU.ActiveCfg = Release|Any CPU
		{A1C467D4-91F7-48F1-9994-4BD8E1D3FFFE}.Release|Any CPU.Build.0 = Release|Any CPU
		{B0737D45-2278-4CDC-906A-3D26233F5451}.Debug|Any CPU.ActiveCfg = Debug|Any CPU
		{B0737D45-2278-4CDC-906A-3D26233F5451}.Debug|Any CPU.Build.0 = Debug|Any CPU
		{B0737D45-2278-4CDC-906A-3D26233F5451}.Release|Any CPU.ActiveCfg = Release|Any CPU
		{B0737D45-2278-4CDC-906A-3D26233F5451}.Release|Any CPU.Build.0 = Release|Any CPU
	EndGlobalSection
	GlobalSection(SolutionProperties) = preSolution
		HideSolutionNode = FALSE
	EndGlobalSection
	GlobalSection(ExtensibilityGlobals) = postSolution
		SolutionGuid = {AAEB7823-4E3B-4DE0-AF33-7C94CCA7B299}
	EndGlobalSection
EndGlobal
