
Microsoft Visual Studio Solution File, Format Version 12.00
# Visual Studio Version 17
VisualStudioVersion = 17.4.33213.308
MinimumVisualStudioVersion = 10.0.40219.1
Project("{FAE04EC0-301F-11D3-BF4B-00C04F79EFBC}") = "LessonsCSharp", "LessonsCSharp\LessonsCSharp.csproj", "{D2E6A535-272F-40FE-A7E6-16A6CFB77658}"
EndProject
Project("{FAE04EC0-301F-11D3-BF4B-00C04F79EFBC}") = "Lesson1_IfElseConstruction", "Lesson1_IfElseConstruction\Lesson1_IfElseConstruction.csproj", "{C58E2403-A949-4C89-BB6B-6F5DD0F3AD1C}"
EndProject
Project("{FAE04EC0-301F-11D3-BF4B-00C04F79EFBC}") = "Lesson2_LogicalOperators", "Lesson2_LogicalOperators\Lesson2_LogicalOperators.csproj", "{17A3756E-C45C-40CB-A39B-2EBD5FA2B6F4}"
EndProject
Project("{FAE04EC0-301F-11D3-BF4B-00C04F79EFBC}") = "Lesson3_SwitchOperator", "Lesson3_SwitchOperator\Lesson3_SwitchOperator.csproj", "{1099A814-0E41-44AF-941C-A7296E87F049}"
EndProject
Project("{FAE04EC0-301F-11D3-BF4B-00C04F79EFBC}") = "Lesson4_WhileLesson", "Lesson4_WhileLesson\Lesson4_WhileLesson.csproj", "{D29AA4D8-BD88-4848-A90B-F520C0AE76A0}"
EndProject
Project("{FAE04EC0-301F-11D3-BF4B-00C04F79EFBC}") = "Lesson5_For", "Lesson5_For\Lesson5_For.csproj", "{3C613390-8BCF-4C53-9C76-209A4D40DCFC}"
EndProject
Project("{FAE04EC0-301F-11D3-BF4B-00C04F79EFBC}") = "Lesson6_NestedLoops", "Lesson6_NestedLoops\Lesson6_NestedLoops.csproj", "{8D3BF344-0461-4FFD-A233-64B2CA4D0031}"
EndProject
Global
	GlobalSection(SolutionConfigurationPlatforms) = preSolution
		Debug|Any CPU = Debug|Any CPU
		Release|Any CPU = Release|Any CPU
	EndGlobalSection
	GlobalSection(ProjectConfigurationPlatforms) = postSolution
		{D2E6A535-272F-40FE-A7E6-16A6CFB77658}.Debug|Any CPU.ActiveCfg = Debug|Any CPU
		{D2E6A535-272F-40FE-A7E6-16A6CFB77658}.Debug|Any CPU.Build.0 = Debug|Any CPU
		{D2E6A535-272F-40FE-A7E6-16A6CFB77658}.Release|Any CPU.ActiveCfg = Release|Any CPU
		{D2E6A535-272F-40FE-A7E6-16A6CFB77658}.Release|Any CPU.Build.0 = Release|Any CPU
		{C58E2403-A949-4C89-BB6B-6F5DD0F3AD1C}.Debug|Any CPU.ActiveCfg = Debug|Any CPU
		{C58E2403-A949-4C89-BB6B-6F5DD0F3AD1C}.Debug|Any CPU.Build.0 = Debug|Any CPU
		{C58E2403-A949-4C89-BB6B-6F5DD0F3AD1C}.Release|Any CPU.ActiveCfg = Release|Any CPU
		{C58E2403-A949-4C89-BB6B-6F5DD0F3AD1C}.Release|Any CPU.Build.0 = Release|Any CPU
		{17A3756E-C45C-40CB-A39B-2EBD5FA2B6F4}.Debug|Any CPU.ActiveCfg = Debug|Any CPU
		{17A3756E-C45C-40CB-A39B-2EBD5FA2B6F4}.Debug|Any CPU.Build.0 = Debug|Any CPU
		{17A3756E-C45C-40CB-A39B-2EBD5FA2B6F4}.Release|Any CPU.ActiveCfg = Release|Any CPU
		{17A3756E-C45C-40CB-A39B-2EBD5FA2B6F4}.Release|Any CPU.Build.0 = Release|Any CPU
		{1099A814-0E41-44AF-941C-A7296E87F049}.Debug|Any CPU.ActiveCfg = Debug|Any CPU
		{1099A814-0E41-44AF-941C-A7296E87F049}.Debug|Any CPU.Build.0 = Debug|Any CPU
		{1099A814-0E41-44AF-941C-A7296E87F049}.Release|Any CPU.ActiveCfg = Release|Any CPU
		{1099A814-0E41-44AF-941C-A7296E87F049}.Release|Any CPU.Build.0 = Release|Any CPU
		{D29AA4D8-BD88-4848-A90B-F520C0AE76A0}.Debug|Any CPU.ActiveCfg = Debug|Any CPU
		{D29AA4D8-BD88-4848-A90B-F520C0AE76A0}.Debug|Any CPU.Build.0 = Debug|Any CPU
		{D29AA4D8-BD88-4848-A90B-F520C0AE76A0}.Release|Any CPU.ActiveCfg = Release|Any CPU
		{D29AA4D8-BD88-4848-A90B-F520C0AE76A0}.Release|Any CPU.Build.0 = Release|Any CPU
		{3C613390-8BCF-4C53-9C76-209A4D40DCFC}.Debug|Any CPU.ActiveCfg = Debug|Any CPU
		{3C613390-8BCF-4C53-9C76-209A4D40DCFC}.Debug|Any CPU.Build.0 = Debug|Any CPU
		{3C613390-8BCF-4C53-9C76-209A4D40DCFC}.Release|Any CPU.ActiveCfg = Release|Any CPU
		{3C613390-8BCF-4C53-9C76-209A4D40DCFC}.Release|Any CPU.Build.0 = Release|Any CPU
		{8D3BF344-0461-4FFD-A233-64B2CA4D0031}.Debug|Any CPU.ActiveCfg = Debug|Any CPU
		{8D3BF344-0461-4FFD-A233-64B2CA4D0031}.Debug|Any CPU.Build.0 = Debug|Any CPU
		{8D3BF344-0461-4FFD-A233-64B2CA4D0031}.Release|Any CPU.ActiveCfg = Release|Any CPU
		{8D3BF344-0461-4FFD-A233-64B2CA4D0031}.Release|Any CPU.Build.0 = Release|Any CPU
	EndGlobalSection
	GlobalSection(SolutionProperties) = preSolution
		HideSolutionNode = FALSE
	EndGlobalSection
	GlobalSection(ExtensibilityGlobals) = postSolution
		SolutionGuid = {AAEB7823-4E3B-4DE0-AF33-7C94CCA7B299}
	EndGlobalSection
EndGlobal
